
Microsoft Visual Studio Solution File, Format Version 11.00
# Visual Studio 2010
Project("{FAE04EC0-301F-11D3-BF4B-00C04F79EFBC}") = "PersianLeftToRightCorrection", "PersianLeftToRightCorrection\PersianLeftToRightCorrection.csproj", "{A1B97C38-E9FA-4DF9-8374-8B2D2339C441}"
EndProject
Project("{FAE04EC0-301F-11D3-BF4B-00C04F79EFBC}") = "PersianLeftToRight.Tests", "PersianLeftToRight.Tests\PersianLeftToRight.Tests.csproj", "{6978B5F2-4E3B-478C-B158-AFBF7231369E}"
EndProject
Global
	GlobalSection(SolutionConfigurationPlatforms) = preSolution
		Debug|Any CPU = Debug|Any CPU
		Release|Any CPU = Release|Any CPU
	EndGlobalSection
	GlobalSection(ProjectConfigurationPlatforms) = postSolution
		{A1B97C38-E9FA-4DF9-8374-8B2D2339C441}.Debug|Any CPU.ActiveCfg = Debug|Any CPU
		{A1B97C38-E9FA-4DF9-8374-8B2D2339C441}.Debug|Any CPU.Build.0 = Debug|Any CPU
		{A1B97C38-E9FA-4DF9-8374-8B2D2339C441}.Release|Any CPU.ActiveCfg = Release|Any CPU
		{A1B97C38-E9FA-4DF9-8374-8B2D2339C441}.Release|Any CPU.Build.0 = Release|Any CPU
		{6978B5F2-4E3B-478C-B158-AFBF7231369E}.Debug|Any CPU.ActiveCfg = Debug|Any CPU
		{6978B5F2-4E3B-478C-B158-AFBF7231369E}.Debug|Any CPU.Build.0 = Debug|Any CPU
		{6978B5F2-4E3B-478C-B158-AFBF7231369E}.Release|Any CPU.ActiveCfg = Release|Any CPU
		{6978B5F2-4E3B-478C-B158-AFBF7231369E}.Release|Any CPU.Build.0 = Release|Any CPU
	EndGlobalSection
	GlobalSection(SolutionProperties) = preSolution
		HideSolutionNode = FALSE
	EndGlobalSection
EndGlobal
